# THIS IS AN AUTOGENERATED FILE. DO NOT EDIT THIS FILE DIRECTLY.
# yarn lockfile v1


"@hotwired/stimulus@^3.1.0":
  "integrity" "sha512-iDMHUhiEJ1xFeicyHcZQQgBzhtk5mPR0QZO3L6wtqzMsJEk2TKECuCQTGKjm+KJTHVY0dKq1dOOAWvODjpd2Mg=="
  "resolved" "https://registry.npmjs.org/@hotwired/stimulus/-/stimulus-3.1.0.tgz"
  "version" "3.1.0"
