# This file is automatically @generated by Cargo.
# It is not intended for manual editing.
version = 4

[[package]]
name = "lazy_static"
version = "1.5.0"
source = "registry+https://github.com/rust-lang/crates.io-index"
checksum = "bbd2bcb4c963f2ddae06a2efc7e9f3591312473c50c6685e1f298068316e66fe"

[[package]]
name = "libc"
version = "0.2.177"
source = "registry+https://github.com/rust-lang/crates.io-index"
checksum = "2874a2af47a2325c2001a6e6fad9b16a53b802102b528163885171cf92b15976"

[[package]]
name = "rutie"
version = "0.9.0"
source = "registry+https://github.com/rust-lang/crates.io-index"
checksum = "e5e8e4f6480c30609e3480adfab87b8d4792525225a1caf98b371fbc9a7b698a"
dependencies = [
 "lazy_static",
 "libc",
]

[[package]]
name = "widget_renderer"
version = "0.1.0"
dependencies = [
 "rutie",
]
